// !$*UTF8*$!
{
	archiveVersion = 1;
	classes = {
	};
	objectVersion = 46;
	objects = {

/* Begin PBXBuildFile section */
		5386562A1C23F35A0030619D /* AppDelegate.swift in Sources */ = {isa = PBXBuildFile; fileRef = 538656291C23F35A0030619D /* AppDelegate.swift */; };
		5386562C1C23F35A0030619D /* ViewController.swift in Sources */ = {isa = PBXBuildFile; fileRef = 5386562B1C23F35A0030619D /* ViewController.swift */; };
		5386562F1C23F35A0030619D /* Main.storyboard in Resources */ = {isa = PBXBuildFile; fileRef = 5386562D1C23F35A0030619D /* Main.storyboard */; };
		538656311C23F35A0030619D /* Assets.xcassets in Resources */ = {isa = PBXBuildFile; fileRef = 538656301C23F35A0030619D /* Assets.xcassets */; };
		538656341C23F35A0030619D /* LaunchScreen.storyboard in Resources */ = {isa = PBXBuildFile; fileRef = 538656321C23F35A0030619D /* LaunchScreen.storyboard */; };
/* End PBXBuildFile section */

/* Begin PBXFileReference section */
		538656261C23F35A0030619D /* PPAlbums.app */ = {isa = PBXFileReference; explicitFileType = wrapper.application; includeInIndex = 0; path = PPAlbums.app; sourceTree = BUILT_PRODUCTS_DIR; };
		538656291C23F35A0030619D /* AppDelegate.swift */ = {isa = PBXFileReference; lastKnownFileType = sourcecode.swift; path = AppDelegate.swift; sourceTree = "<group>"; };
		5386562B1C23F35A0030619D /* ViewController.swift */ = {isa = PBXFileReference; lastKnownFileType = sourcecode.swift; path = ViewController.swift; sourceTree = "<group>"; };
		5386562E1C23F35A0030619D /* Base */ = {isa = PBXFileReference; lastKnownFileType = file.storyboard; name = Base; path = Base.lproj/Main.storyboard; sourceTree = "<group>"; };
		538656301C23F35A0030619D /* Assets.xcassets */ = {isa = PBXFileReference; lastKnownFileType = folder.assetcatalog; path = Assets.xcassets; sourceTree = "<group>"; };
		538656331C23F35A0030619D /* Base */ = {isa = PBXFileReference; lastKnownFileType = file.storyboard; name = Base; path = Base.lproj/LaunchScreen.storyboard; sourceTree = "<group>"; };
		538656351C23F35A0030619D /* Info.plist */ = {isa = PBXFileReference; lastKnownFileType = text.plist.xml; path = Info.plist; sourceTree = "<group>"; };
/* End PBXFileReference section */

/* Begin PBXFrameworksBuildPhase section */
		538656231C23F35A0030619D /* Frameworks */ = {
			isa = PBXFrameworksBuildPhase;
			buildActionMask = 2147483647;
			files = (
			);
			runOnlyForDeploymentPostprocessing = 0;
		};
/* End PBXFrameworksBuildPhase section */

/* Begin PBXGroup section */
		5386561D1C23F35A0030619D = {
			isa = PBXGroup;
			children = (
				538656281C23F35A0030619D /* PPAlbums */,
				538656271C23F35A0030619D /* Products */,
			);
			sourceTree = "<group>";
		};
		538656271C23F35A0030619D /* Products */ = {
			isa = PBXGroup;
			children = (
				538656261C23F35A0030619D /* PPAlbums.app */,
			);
			name = Products;
			sourceTree = "<group>";
		};
		538656281C23F35A0030619D /* PPAlbums */ = {
			isa = PBXGroup;
			children = (
				538656291C23F35A0030619D /* AppDelegate.swift */,
				5386562B1C23F35A0030619D /* ViewController.swift */,
				5386562D1C23F35A0030619D /* Main.storyboard */,
				538656301C23F35A0030619D /* Assets.xcassets */,
				538656321C23F35A0030619D /* LaunchScreen.storyboard */,
				538656351C23F35A0030619D /* Info.plist */,
			);
			path = PPAlbums;
			sourceTree = "<group>";
		};
/* End PBXGroup section */

/* Begin PBXNativeTarget section */
		538656251C23F35A0030619D /* PPAlbums */ = {
			isa = PBXNativeTarget;
			buildConfigurationList = 538656381C23F35A0030619D /* Build configuration list for PBXNativeTarget "PPAlbums" */;
			buildPhases = (
				538656221C23F35A0030619D /* Sources */,
				538656231C23F35A0030619D /* Frameworks */,
				538656241C23F35A0030619D /* Resources */,
			);
			buildRules = (
			);
			dependencies = (
			);
			name = PPAlbums;
			productName = PPAlbums;
			productReference = 538656261C23F35A0030619D /* PPAlbums.app */;
			productType = "com.apple.product-type.application";
		};
/* End PBXNativeTarget section */

/* Begin PBXProject section */
		5386561E1C23F35A0030619D /* Project object */ = {
			isa = PBXProject;
			attributes = {
				LastSwiftUpdateCheck = 0710;
				LastUpgradeCheck = 0710;
				ORGANIZATIONNAME = weifans;
				TargetAttributes = {
					538656251C23F35A0030619D = {
						CreatedOnToolsVersion = 7.1.1;
					};
				};
			};
			buildConfigurationList = 538656211C23F35A0030619D /* Build configuration list for PBXProject "PPAlbums" */;
			compatibilityVersion = "Xcode 3.2";
			developmentRegion = English;
			hasScannedForEncodings = 0;
			knownRegions = (
				en,
				Base,
			);
			mainGroup = 5386561D1C23F35A0030619D;
			productRefGroup = 538656271C23F35A0030619D /* Products */;
			projectDirPath = "";
			projectRoot = "";
			targets = (
				538656251C23F35A0030619D /* PPAlbums */,
			);
		};
/* End PBXProject section */

/* Begin PBXResourcesBuildPhase section */
		538656241C23F35A0030619D /* Resources */ = {
			isa = PBXResourcesBuildPhase;
			buildActionMask = 2147483647;
			files = (
				538656341C23F35A0030619D /* LaunchScreen.storyboard in Resources */,
				538656311C23F35A0030619D /* Assets.xcassets in Resources */,
				5386562F1C23F35A0030619D /* Main.storyboard in Resources */,
			);
			runOnlyForDeploymentPostprocessing = 0;
		};
/* End PBXResourcesBuildPhase section */

/* Begin PBXSourcesBuildPhase section */
		538656221C23F35A0030619D /* Sources */ = {
			isa = PBXSourcesBuildPhase;
			buildActionMask = 2147483647;
			files = (
				5386562C1C23F35A0030619D /* ViewController.swift in Sources */,
				5386562A1C23F35A0030619D /* AppDelegate.swift in Sources */,
			);
			runOnlyForDeploymentPostprocessing = 0;
		};
/* End PBXSourcesBuildPhase section */

/* Begin PBXVariantGroup section */
		5386562D1C23F35A0030619D /* Main.storyboard */ = {
			isa = PBXVariantGroup;
			children = (
				5386562E1C23F35A0030619D /* Base */,
			);
			name = Main.storyboard;
			sourceTree = "<group>";
		};
		538656321C23F35A0030619D /* LaunchScreen.storyboard */ = {
			isa = PBXVariantGroup;
			children = (
				538656331C23F35A0030619D /* Base */,
			);
			name = LaunchScreen.storyboard;
			sourceTree = "<group>";
		};
/* End PBXVariantGroup section */

/* Begin XCBuildConfiguration section */
		538656361C23F35A0030619D /* Debug */ = {
			isa = XCBuildConfiguration;
			buildSettings = {
				ALWAYS_SEARCH_USER_PATHS = NO;
				CLANG_CXX_LANGUAGE_STANDARD = "gnu++0x";
				CLANG_CXX_LIBRARY = "libc++";
				CLANG_ENABLE_MODULES = YES;
				CLANG_ENABLE_OBJC_ARC = YES;
				CLANG_WARN_BOOL_CONVERSION = YES;
				CLANG_WARN_CONSTANT_CONVERSION = YES;
				CLANG_WARN_DIRECT_OBJC_ISA_USAGE = YES_ERROR;
				CLANG_WARN_EMPTY_BODY = YES;
				CLANG_WARN_ENUM_CONVERSION = YES;
				CLANG_WARN_INT_CONVERSION = YES;
				CLANG_WARN_OBJC_ROOT_CLASS = YES_ERROR;
				CLANG_WARN_UNREACHABLE_CODE = YES;
				CLANG_WARN__DUPLICATE_METHOD_MATCH = YES;
				"CODE_SIGN_IDENTITY[sdk=iphoneos*]" = "iPhone Developer";
				COPY_PHASE_STRIP = NO;
				DEBUG_INFORMATION_FORMAT = dwarf;
				ENABLE_STRICT_OBJC_MSGSEND = YES;
				ENABLE_TESTABILITY = YES;
				GCC_C_LANGUAGE_STANDARD = gnu99;
				GCC_DYNAMIC_NO_PIC = NO;
				GCC_NO_COMMON_BLOCKS = YES;
				GCC_OPTIMIZATION_LEVEL = 0;
				GCC_PREPROCESSOR_DEFINITIONS = (
					"DEBUG=1",
					"$(inherited)",
				);
				GCC_WARN_64_TO_32_BIT_CONVERSION = YES;
				GCC_WARN_ABOUT_RETURN_TYPE = YES_ERROR;
				GCC_WARN_UNDECLARED_SELECTOR = YES;
				GCC_WARN_UNINITIALIZED_AUTOS = YES_AGGRESSIVE;
				GCC_WARN_UNUSED_FUNCTION = YES;
				GCC_WARN_UNUSED_VARIABLE = YES;
				IPHONEOS_DEPLOYMENT_TARGET = 9.1;
				MTL_ENABLE_DEBUG_INFO = YES;
				ONLY_ACTIVE_ARCH = YES;
				SDKROOT = iphoneos;
				SWIFT_OPTIMIZATION_LEVEL = "-Onone";
			};
			name = Debug;
		};
		538656371C23F35A0030619D /* Release */ = {
			isa = XCBuildConfiguration;
			buildSettings = {
				ALWAYS_SEARCH_USER_PATHS = NO;
				CLANG_CXX_LANGUAGE_STANDARD = "gnu++0x";
				CLANG_CXX_LIBRARY = "libc++";
				CLANG_ENABLE_MODULES = YES;
				CLANG_ENABLE_OBJC_ARC = YES;
				CLANG_WARN_BOOL_CONVERSION = YES;
				CLANG_WARN_CONSTANT_CONVERSION = YES;
				CLANG_WARN_DIRECT_OBJC_ISA_USAGE = YES_ERROR;
				CLANG_WARN_EMPTY_BODY = YES;
				CLANG_WARN_ENUM_CONVERSION = YES;
				CLANG_WARN_INT_CONVERSION = YES;
				CLANG_WARN_OBJC_ROOT_CLASS = YES_ERROR;
				CLANG_WARN_UNREACHABLE_CODE = YES;
				CLANG_WARN__DUPLICATE_METHOD_MATCH = YES;
				"CODE_SIGN_IDENTITY[sdk=iphoneos*]" = "iPhone Developer";
				COPY_PHASE_STRIP = NO;
				DEBUG_INFORMATION_FORMAT = "dwarf-with-dsym";
				ENABLE_NS_ASSERTIONS = NO;
				ENABLE_STRICT_OBJC_MSGSEND = YES;
				GCC_C_LANGUAGE_STANDARD = gnu99;
				GCC_NO_COMMON_BLOCKS = YES;
				GCC_WARN_64_TO_32_BIT_CONVERSION = YES;
				GCC_WARN_ABOUT_RETURN_TYPE = YES_ERROR;
				GCC_WARN_UNDECLARED_SELECTOR = YES;
				GCC_WARN_UNINITIALIZED_AUTOS = YES_AGGRESSIVE;
				GCC_WARN_UNUSED_FUNCTION = YES;
				GCC_WARN_UNUSED_VARIABLE = YES;
				IPHONEOS_DEPLOYMENT_TARGET = 9.1;
				MTL_ENABLE_DEBUG_INFO = NO;
				SDKROOT = iphoneos;
				VALIDATE_PRODUCT = YES;
			};
			name = Release;
		};
		538656391C23F35A0030619D /* Debug */ = {
			isa = XCBuildConfiguration;
			buildSettings = {
				ASSETCATALOG_COMPILER_APPICON_NAME = AppIcon;
				INFOPLIST_FILE = PPAlbums/Info.plist;
				LD_RUNPATH_SEARCH_PATHS = "$(inherited) @executable_path/Frameworks";
				PRODUCT_BUNDLE_IDENTIFIER = com.paipou.PPAlbums;
				PRODUCT_NAME = "$(TARGET_NAME)";
			};
			name = Debug;
		};
		5386563A1C23F35A0030619D /* Release */ = {
			isa = XCBuildConfiguration;
			buildSettings = {
				ASSETCATALOG_COMPILER_APPICON_NAME = AppIcon;
				INFOPLIST_FILE = PPAlbums/Info.plist;
				LD_RUNPATH_SEARCH_PATHS = "$(inherited) @executable_path/Frameworks";
				PRODUCT_BUNDLE_IDENTIFIER = com.paipou.PPAlbums;
				PRODUCT_NAME = "$(TARGET_NAME)";
			};
			name = Release;
		};
/* End XCBuildConfiguration section */

/* Begin XCConfigurationList section */
		538656211C23F35A0030619D /* Build configuration list for PBXProject "PPAlbums" */ = {
			isa = XCConfigurationList;
			buildConfigurations = (
				538656361C23F35A0030619D /* Debug */,
				538656371C23F35A0030619D /* Release */,
			);
			defaultConfigurationIsVisible = 0;
			defaultConfigurationName = Release;
		};
		538656381C23F35A0030619D /* Build configuration list for PBXNativeTarget "PPAlbums" */ = {
			isa = XCConfigurationList;
			buildConfigurations = (
				538656391C23F35A0030619D /* Debug */,
				5386563A1C23F35A0030619D /* Release */,
			);
			defaultConfigurationIsVisible = 0;
		};
/* End XCConfigurationList section */
	};
	rootObject = 5386561E1C23F35A0030619D /* Project object */;
}
